
Microsoft Visual Studio Solution File, Format Version 12.00
Project("{FAE04EC0-301F-11D3-BF4B-00C04F79EFBC}") = "ManageXRAPI.Client", "ManageXRAPI.Client\ManageXRAPI.Client.csproj", "{0A46B532-2CD0-4FC6-BC65-194257510B48}"
EndProject
Project("{FAE04EC0-301F-11D3-BF4B-00C04F79EFBC}") = "ManageXRAPI.Client.Tests", "ManageXRAPI.Client.Tests\ManageXRAPI.Client.Tests.csproj", "{EAE8082B-B054-43AB-8772-985CF75A9525}"
EndProject
Project("{FAE04EC0-301F-11D3-BF4B-00C04F79EFBC}") = "ManageXRAPI.Extensions", "ManageXRAPI.Extensions\ManageXRAPI.Extensions.csproj", "{B762D88D-72C0-41AF-80D7-7933E74B3DC9}"
EndProject
Global
	GlobalSection(SolutionConfigurationPlatforms) = preSolution
		Debug|Any CPU = Debug|Any CPU
		Release|Any CPU = Release|Any CPU
	EndGlobalSection
	GlobalSection(ProjectConfigurationPlatforms) = postSolution
		{0A46B532-2CD0-4FC6-BC65-194257510B48}.Debug|Any CPU.ActiveCfg = Debug|Any CPU
		{0A46B532-2CD0-4FC6-BC65-194257510B48}.Debug|Any CPU.Build.0 = Debug|Any CPU
		{0A46B532-2CD0-4FC6-BC65-194257510B48}.Release|Any CPU.ActiveCfg = Release|Any CPU
		{0A46B532-2CD0-4FC6-BC65-194257510B48}.Release|Any CPU.Build.0 = Release|Any CPU
		{EAE8082B-B054-43AB-8772-985CF75A9525}.Debug|Any CPU.ActiveCfg = Debug|Any CPU
		{EAE8082B-B054-43AB-8772-985CF75A9525}.Debug|Any CPU.Build.0 = Debug|Any CPU
		{EAE8082B-B054-43AB-8772-985CF75A9525}.Release|Any CPU.ActiveCfg = Release|Any CPU
		{EAE8082B-B054-43AB-8772-985CF75A9525}.Release|Any CPU.Build.0 = Release|Any CPU
		{B762D88D-72C0-41AF-80D7-7933E74B3DC9}.Debug|Any CPU.ActiveCfg = Debug|Any CPU
		{B762D88D-72C0-41AF-80D7-7933E74B3DC9}.Debug|Any CPU.Build.0 = Debug|Any CPU
		{B762D88D-72C0-41AF-80D7-7933E74B3DC9}.Release|Any CPU.ActiveCfg = Release|Any CPU
		{B762D88D-72C0-41AF-80D7-7933E74B3DC9}.Release|Any CPU.Build.0 = Release|Any CPU
	EndGlobalSection
EndGlobal
